
Microsoft Visual Studio Solution File, Format Version 12.00
# Visual Studio Version 17
VisualStudioVersion = 17.10.34928.147
MinimumVisualStudioVersion = 10.0.40219.1
Project("{9A19103F-16F7-4668-BE54-9A1E7A4F7556}") = "ExcelReader", "ExcelReader\ExcelReader.csproj", "{B7DD9E9F-47E6-4435-A441-651FE9C5417C}"
EndProject
Project("{9A19103F-16F7-4668-BE54-9A1E7A4F7556}") = "Test.Unit", "Test.Unit\Test.Unit.csproj", "{0DD86490-3958-4F41-B8CA-D148637969E0}"
EndProject
Global
	GlobalSection(SolutionConfigurationPlatforms) = preSolution
		Debug|Any CPU = Debug|Any CPU
		Release|Any CPU = Release|Any CPU
	EndGlobalSection
	GlobalSection(ProjectConfigurationPlatforms) = postSolution
		{B7DD9E9F-47E6-4435-A441-651FE9C5417C}.Debug|Any CPU.ActiveCfg = Debug|Any CPU
		{B7DD9E9F-47E6-4435-A441-651FE9C5417C}.Debug|Any CPU.Build.0 = Debug|Any CPU
		{B7DD9E9F-47E6-4435-A441-651FE9C5417C}.Release|Any CPU.ActiveCfg = Release|Any CPU
		{B7DD9E9F-47E6-4435-A441-651FE9C5417C}.Release|Any CPU.Build.0 = Release|Any CPU
		{0DD86490-3958-4F41-B8CA-D148637969E0}.Debug|Any CPU.ActiveCfg = Debug|Any CPU
		{0DD86490-3958-4F41-B8CA-D148637969E0}.Debug|Any CPU.Build.0 = Debug|Any CPU
		{0DD86490-3958-4F41-B8CA-D148637969E0}.Release|Any CPU.ActiveCfg = Release|Any CPU
		{0DD86490-3958-4F41-B8CA-D148637969E0}.Release|Any CPU.Build.0 = Release|Any CPU
	EndGlobalSection
	GlobalSection(SolutionProperties) = preSolution
		HideSolutionNode = FALSE
	EndGlobalSection
	GlobalSection(ExtensibilityGlobals) = postSolution
		SolutionGuid = {13D95257-B32F-4EC0-9189-3E2738ADCEDD}
	EndGlobalSection
EndGlobal
